
Microsoft Visual Studio Solution File, Format Version 11.00
# Visual Studio 2010
Project("{8BC9CEB8-8B4A-11D0-8D11-00A0C91BC942}") = "MyCompiler", "MyCompiler\MyCompiler.vcxproj", "{997FB3A3-3B3F-4C47-ABF9-47E646174420}"
EndProject
Global
	GlobalSection(SolutionConfigurationPlatforms) = preSolution
		Debug|Win32 = Debug|Win32
		Release|Win32 = Release|Win32
	EndGlobalSection
	GlobalSection(ProjectConfigurationPlatforms) = postSolution
		{997FB3A3-3B3F-4C47-ABF9-47E646174420}.Debug|Win32.ActiveCfg = Debug|Win32
		{997FB3A3-3B3F-4C47-ABF9-47E646174420}.Debug|Win32.Build.0 = Debug|Win32
		{997FB3A3-3B3F-4C47-ABF9-47E646174420}.Release|Win32.ActiveCfg = Release|Win32
		{997FB3A3-3B3F-4C47-ABF9-47E646174420}.Release|Win32.Build.0 = Release|Win32
	EndGlobalSection
	GlobalSection(SolutionProperties) = preSolution
		HideSolutionNode = FALSE
	EndGlobalSection
EndGlobal
